// !$*UTF8*$!
{
	archiveVersion = 1;
	classes = {};
	objectVersion = 56;
	objects = {
		5591BFCE9E05961CF85247A8 = { isa = PBXFileReference; lastKnownFileType = sourcecode.swift; path = "RepComet/Appearance.swift"; sourceTree = SOURCE_ROOT; };
		0DC3D1E9E14F6C20AA501282 = { isa = PBXBuildFile; fileRef = 5591BFCE9E05961CF85247A8; };
		FBA68B72916BD2F1CD0B91AF = { isa = PBXFileReference; lastKnownFileType = sourcecode.swift; path = "RepComet/Core/ExerciseLibrary.swift"; sourceTree = SOURCE_ROOT; };
		24BC4C7128DEC1B9196938D4 = { isa = PBXBuildFile; fileRef = FBA68B72916BD2F1CD0B91AF; };
		7EDD8F92C1D7131594D1D4F9 = { isa = PBXFileReference; lastKnownFileType = sourcecode.swift; path = "RepComet/Core/Models.swift"; sourceTree = SOURCE_ROOT; };
		F408DB303AB851008F2A60F3 = { isa = PBXBuildFile; fileRef = 7EDD8F92C1D7131594D1D4F9; };
		F2507475AD19388FF75609D5 = { isa = PBXFileReference; lastKnownFileType = sourcecode.swift; path = "RepComet/Core/WorkoutStore.swift"; sourceTree = SOURCE_ROOT; };
		AFD3027D21645A2A77B123F5 = { isa = PBXBuildFile; fileRef = F2507475AD19388FF75609D5; };
		69DA3880C4636BB6B48B700E = { isa = PBXFileReference; lastKnownFileType = sourcecode.swift; path = "RepComet/DesignSystem.swift"; sourceTree = SOURCE_ROOT; };
		D69DA48FD28CF2415C40FE29 = { isa = PBXBuildFile; fileRef = 69DA3880C4636BB6B48B700E; };
		4FB0C1DBFFF466C36BC654EB = { isa = PBXFileReference; lastKnownFileType = sourcecode.swift; path = "RepComet/RepCometApp.swift"; sourceTree = SOURCE_ROOT; };
		23DCC05C12F5D21F55D1A997 = { isa = PBXBuildFile; fileRef = 4FB0C1DBFFF466C36BC654EB; };
		1608030887D3CBA5840717A3 = { isa = PBXFileReference; lastKnownFileType = sourcecode.swift; path = "RepComet/Views/ContentView.swift"; sourceTree = SOURCE_ROOT; };
		D7AFEC78BC10FE570740959A = { isa = PBXBuildFile; fileRef = 1608030887D3CBA5840717A3; };
		1062CC2E551D648A1B74A508 = { isa = PBXFileReference; lastKnownFileType = sourcecode.swift; path = "RepComet/Views/ProgressView.swift"; sourceTree = SOURCE_ROOT; };
		4EAEAE1F30AFFA3593FBFECF = { isa = PBXBuildFile; fileRef = 1062CC2E551D648A1B74A508; };
		A4325FEB98CD6363A16783AD = { isa = PBXFileReference; lastKnownFileType = sourcecode.swift; path = "RepComet/Views/RoutineEditorView.swift"; sourceTree = SOURCE_ROOT; };
		59251DC155D30DB1144A195B = { isa = PBXBuildFile; fileRef = A4325FEB98CD6363A16783AD; };
		CECCE35091F8E6747993A30C = { isa = PBXFileReference; lastKnownFileType = sourcecode.swift; path = "RepComet/Views/RoutinesView.swift"; sourceTree = SOURCE_ROOT; };
		2485D372B678FE14E6423B4E = { isa = PBXBuildFile; fileRef = CECCE35091F8E6747993A30C; };
		559D285593A91B0450D94AE8 = { isa = PBXFileReference; lastKnownFileType = sourcecode.swift; path = "RepComet/Views/SessionDetailView.swift"; sourceTree = SOURCE_ROOT; };
		65742DB7317DB03D5DF80F69 = { isa = PBXBuildFile; fileRef = 559D285593A91B0450D94AE8; };
		2D4E234F46AD2154BBB3E7D5 = { isa = PBXFileReference; lastKnownFileType = sourcecode.swift; path = "RepComet/Views/SettingsView.swift"; sourceTree = SOURCE_ROOT; };
		ED5AD1F31D3CBF2A57C6F973 = { isa = PBXBuildFile; fileRef = 2D4E234F46AD2154BBB3E7D5; };
		6E62180AB818CDF9796612DC = { isa = PBXFileReference; lastKnownFileType = sourcecode.swift; path = "RepComet/Views/ThemePicker.swift"; sourceTree = SOURCE_ROOT; };
		A9CE68AF470882D9DABB4581 = { isa = PBXBuildFile; fileRef = 6E62180AB818CDF9796612DC; };
		ECBFE822A782363D5FA7E0CD = { isa = PBXFileReference; lastKnownFileType = sourcecode.swift; path = "RepComet/Views/TodayView.swift"; sourceTree = SOURCE_ROOT; };
		4A8DAB149B6DE96DFBFBCBAB = { isa = PBXBuildFile; fileRef = ECBFE822A782363D5FA7E0CD; };
		F140C5CF7D3DA4AA6A66A3A0 = { isa = PBXFileReference; lastKnownFileType = sourcecode.swift; path = "RepComet/Views/WeightEntryView.swift"; sourceTree = SOURCE_ROOT; };
		5B72DD37323F2721FAD255B3 = { isa = PBXBuildFile; fileRef = F140C5CF7D3DA4AA6A66A3A0; };
		5FCEEA7CEA43D960835274C4 = { isa = PBXFileReference; lastKnownFileType = sourcecode.swift; path = "RepComet/Views/WeightHistoryView.swift"; sourceTree = SOURCE_ROOT; };
		BBB8E70C55B8BE4D6216F9FD = { isa = PBXBuildFile; fileRef = 5FCEEA7CEA43D960835274C4; };
		3A07BC44E775B9D521975F2E = { isa = PBXFileReference; lastKnownFileType = sourcecode.swift; path = "RepComet/Views/WorkoutView.swift"; sourceTree = SOURCE_ROOT; };
		C65C0C4D0EE00CE6241FBE49 = { isa = PBXBuildFile; fileRef = 3A07BC44E775B9D521975F2E; };
		0CF500037C9880002D101123 = { isa = PBXFileReference; lastKnownFileType = folder.assetcatalog; path = "RepComet/Assets.xcassets"; sourceTree = SOURCE_ROOT; };
		7F128B3704605704C0665DA1 = { isa = PBXBuildFile; fileRef = 0CF500037C9880002D101123; };
		AE0E46855705E7AA8B375E72 = { isa = PBXFileReference; lastKnownFileType = text.xml; path = "RepComet/PrivacyInfo.xcprivacy"; sourceTree = SOURCE_ROOT; };
		C508C35406996667ABB18320 = { isa = PBXBuildFile; fileRef = AE0E46855705E7AA8B375E72; };
		A8792157CB4F27FB949C035F = { isa = PBXFileReference; explicitFileType = wrapper.application; includeInIndex = 0; path = Pep.app; sourceTree = BUILT_PRODUCTS_DIR; };
		29E482BF45846524F707E0B8 = { isa = PBXGroup; children = (5591BFCE9E05961CF85247A8,FBA68B72916BD2F1CD0B91AF,7EDD8F92C1D7131594D1D4F9,F2507475AD19388FF75609D5,69DA3880C4636BB6B48B700E,4FB0C1DBFFF466C36BC654EB,1608030887D3CBA5840717A3,1062CC2E551D648A1B74A508,A4325FEB98CD6363A16783AD,CECCE35091F8E6747993A30C,559D285593A91B0450D94AE8,2D4E234F46AD2154BBB3E7D5,6E62180AB818CDF9796612DC,ECBFE822A782363D5FA7E0CD,F140C5CF7D3DA4AA6A66A3A0,5FCEEA7CEA43D960835274C4,3A07BC44E775B9D521975F2E,0CF500037C9880002D101123,AE0E46855705E7AA8B375E72,); name = Pep; sourceTree = "<group>"; };
		6F7199ED7B63CDA338A0FB82 = { isa = PBXGroup; children = (A8792157CB4F27FB949C035F,); name = Products; sourceTree = "<group>"; };
		AA0596BBDB4DCC95D5D4F10C = { isa = PBXGroup; children = (29E482BF45846524F707E0B8,6F7199ED7B63CDA338A0FB82,); sourceTree = "<group>"; };
		9261F04E014268C1FB6C1C5E = { isa = PBXSourcesBuildPhase; buildActionMask = 2147483647; files = (0DC3D1E9E14F6C20AA501282,24BC4C7128DEC1B9196938D4,F408DB303AB851008F2A60F3,AFD3027D21645A2A77B123F5,D69DA48FD28CF2415C40FE29,23DCC05C12F5D21F55D1A997,D7AFEC78BC10FE570740959A,4EAEAE1F30AFFA3593FBFECF,59251DC155D30DB1144A195B,2485D372B678FE14E6423B4E,65742DB7317DB03D5DF80F69,ED5AD1F31D3CBF2A57C6F973,A9CE68AF470882D9DABB4581,4A8DAB149B6DE96DFBFBCBAB,5B72DD37323F2721FAD255B3,BBB8E70C55B8BE4D6216F9FD,C65C0C4D0EE00CE6241FBE49,); runOnlyForDeploymentPostprocessing = 0; };
		B04831CC372489EBF0287850 = { isa = PBXResourcesBuildPhase; buildActionMask = 2147483647; files = (7F128B3704605704C0665DA1,C508C35406996667ABB18320,); runOnlyForDeploymentPostprocessing = 0; };
		0B0EAC1C67A2F2EB9E6EB6F7 = { isa = PBXFrameworksBuildPhase; buildActionMask = 2147483647; files = (); runOnlyForDeploymentPostprocessing = 0; };
		2B23A31EEC75B029432F2445 = { isa = XCBuildConfiguration; buildSettings = { CLANG_ENABLE_MODULES = "YES"; CLANG_ENABLE_OBJC_ARC = "YES"; IPHONEOS_DEPLOYMENT_TARGET = "17.0"; SDKROOT = "iphoneos"; SWIFT_VERSION = "5.0"; ENABLE_USER_SCRIPT_SANDBOXING = "YES"; DEBUG_INFORMATION_FORMAT = "dwarf"; SWIFT_OPTIMIZATION_LEVEL = "-Onone"; SWIFT_ACTIVE_COMPILATION_CONDITIONS = "DEBUG"; ENABLE_TESTABILITY = "YES"; ONLY_ACTIVE_ARCH = "YES"; }; name = Debug; };
		07CA1E69F6068DEA30A4DA6B = { isa = XCBuildConfiguration; buildSettings = { CLANG_ENABLE_MODULES = "YES"; CLANG_ENABLE_OBJC_ARC = "YES"; IPHONEOS_DEPLOYMENT_TARGET = "17.0"; SDKROOT = "iphoneos"; SWIFT_VERSION = "5.0"; ENABLE_USER_SCRIPT_SANDBOXING = "YES"; DEBUG_INFORMATION_FORMAT = "dwarf-with-dsym"; SWIFT_OPTIMIZATION_LEVEL = "-O"; }; name = Release; };
		23A8223BAEDACD2805D06261 = { isa = XCConfigurationList; buildConfigurations = (2B23A31EEC75B029432F2445,07CA1E69F6068DEA30A4DA6B,); defaultConfigurationIsVisible = 0; defaultConfigurationName = Release; };
		AA9B1D3BE1353EBD76471D11 = { isa = XCBuildConfiguration; buildSettings = { ASSETCATALOG_COMPILER_APPICON_NAME = "AppIcon"; ASSETCATALOG_COMPILER_GLOBAL_ACCENT_COLOR_NAME = "AccentColor"; CODE_SIGN_STYLE = "Automatic"; CURRENT_PROJECT_VERSION = "1"; DEVELOPMENT_TEAM = ""; GENERATE_INFOPLIST_FILE = "YES"; INFOPLIST_KEY_CFBundleDisplayName = "Pep"; INFOPLIST_KEY_LSApplicationCategoryType = "public.app-category.healthcare-fitness"; INFOPLIST_KEY_UIApplicationSceneManifest_Generation = "YES"; INFOPLIST_KEY_UIApplicationSupportsIndirectInputEvents = "YES"; INFOPLIST_KEY_UILaunchScreen_Generation = "YES"; INFOPLIST_KEY_UISupportedInterfaceOrientations_iPhone = "UIInterfaceOrientationPortrait"; INFOPLIST_KEY_UISupportedInterfaceOrientations_iPad = "UIInterfaceOrientationPortrait UIInterfaceOrientationLandscapeLeft UIInterfaceOrientationLandscapeRight"; LD_RUNPATH_SEARCH_PATHS = "$(inherited) @executable_path/Frameworks"; MARKETING_VERSION = "1.0.0"; PRODUCT_BUNDLE_IDENTIFIER = "app.repcomet.ios"; PRODUCT_NAME = "$(TARGET_NAME)"; SUPPORTED_PLATFORMS = "iphoneos iphonesimulator"; SUPPORTS_MACCATALYST = "NO"; SUPPORTS_MAC_DESIGNED_FOR_IPHONE_IPAD = "NO"; TARGETED_DEVICE_FAMILY = "1,2"; SWIFT_EMIT_LOC_STRINGS = "YES"; }; name = Debug; };
		1E2E67F111F111E446D58E6C = { isa = XCBuildConfiguration; buildSettings = { ASSETCATALOG_COMPILER_APPICON_NAME = "AppIcon"; ASSETCATALOG_COMPILER_GLOBAL_ACCENT_COLOR_NAME = "AccentColor"; CODE_SIGN_STYLE = "Automatic"; CURRENT_PROJECT_VERSION = "1"; DEVELOPMENT_TEAM = ""; GENERATE_INFOPLIST_FILE = "YES"; INFOPLIST_KEY_CFBundleDisplayName = "Pep"; INFOPLIST_KEY_LSApplicationCategoryType = "public.app-category.healthcare-fitness"; INFOPLIST_KEY_UIApplicationSceneManifest_Generation = "YES"; INFOPLIST_KEY_UIApplicationSupportsIndirectInputEvents = "YES"; INFOPLIST_KEY_UILaunchScreen_Generation = "YES"; INFOPLIST_KEY_UISupportedInterfaceOrientations_iPhone = "UIInterfaceOrientationPortrait"; INFOPLIST_KEY_UISupportedInterfaceOrientations_iPad = "UIInterfaceOrientationPortrait UIInterfaceOrientationLandscapeLeft UIInterfaceOrientationLandscapeRight"; LD_RUNPATH_SEARCH_PATHS = "$(inherited) @executable_path/Frameworks"; MARKETING_VERSION = "1.0.0"; PRODUCT_BUNDLE_IDENTIFIER = "app.repcomet.ios"; PRODUCT_NAME = "$(TARGET_NAME)"; SUPPORTED_PLATFORMS = "iphoneos iphonesimulator"; SUPPORTS_MACCATALYST = "NO"; SUPPORTS_MAC_DESIGNED_FOR_IPHONE_IPAD = "NO"; TARGETED_DEVICE_FAMILY = "1,2"; SWIFT_EMIT_LOC_STRINGS = "YES"; }; name = Release; };
		5C95326926B1D54840C3B5C1 = { isa = XCConfigurationList; buildConfigurations = (AA9B1D3BE1353EBD76471D11,1E2E67F111F111E446D58E6C,); defaultConfigurationIsVisible = 0; defaultConfigurationName = Release; };
		34A04005BCAF206EEC990BD9 = { isa = PBXNativeTarget; buildConfigurationList = 5C95326926B1D54840C3B5C1; buildPhases = (9261F04E014268C1FB6C1C5E,0B0EAC1C67A2F2EB9E6EB6F7,B04831CC372489EBF0287850,); buildRules = (); dependencies = (); name = Pep; productName = Pep; productReference = A8792157CB4F27FB949C035F; productType = "com.apple.product-type.application"; };
		244210E48437B6556980A702 = { isa = PBXProject; attributes = { BuildIndependentTargetsInParallel = YES; LastSwiftUpdateCheck = 1600; LastUpgradeCheck = 1600; TargetAttributes = { 34A04005BCAF206EEC990BD9 = { CreatedOnToolsVersion = 16.0; }; }; }; buildConfigurationList = 23A8223BAEDACD2805D06261; compatibilityVersion = "Xcode 14.0"; developmentRegion = en; hasScannedForEncodings = 0; knownRegions = (en,Base,); mainGroup = AA0596BBDB4DCC95D5D4F10C; productRefGroup = 6F7199ED7B63CDA338A0FB82; projectDirPath = ""; projectRoot = ""; targets = (34A04005BCAF206EEC990BD9,); };
	};
	rootObject = 244210E48437B6556980A702;
}
